
Microsoft Visual Studio Solution File, Format Version 12.00
Project("{FAE04EC0-301F-11D3-BF4B-00C04F79EFBC}") = "Creational Patterns in CSharp", "Creational Patterns in CSharp\Creational Patterns in CSharp.csproj", "{ECB0EA1C-449F-4C4C-801B-033F7B8D46CE}"
EndProject
Global
	GlobalSection(SolutionConfigurationPlatforms) = preSolution
		Debug|Any CPU = Debug|Any CPU
		Release|Any CPU = Release|Any CPU
	EndGlobalSection
	GlobalSection(ProjectConfigurationPlatforms) = postSolution
		{ECB0EA1C-449F-4C4C-801B-033F7B8D46CE}.Debug|Any CPU.ActiveCfg = Debug|Any CPU
		{ECB0EA1C-449F-4C4C-801B-033F7B8D46CE}.Debug|Any CPU.Build.0 = Debug|Any CPU
		{ECB0EA1C-449F-4C4C-801B-033F7B8D46CE}.Release|Any CPU.ActiveCfg = Release|Any CPU
		{ECB0EA1C-449F-4C4C-801B-033F7B8D46CE}.Release|Any CPU.Build.0 = Release|Any CPU
	EndGlobalSection
EndGlobal
